
Microsoft Visual Studio Solution File, Format Version 12.00
# Visual Studio 15
VisualStudioVersion = 15.0.26430.4
MinimumVisualStudioVersion = 10.0.40219.1
Project("{FAE04EC0-301F-11D3-BF4B-00C04F79EFBC}") = "MaterialDesignDemo", "AutoCadLisansApp.Wpf\MaterialDesignDemo.csproj", "{CF0A27A8-EF82-44E5-B673-ECCC150C48ED}"
EndProject
Project("{FAE04EC0-301F-11D3-BF4B-00C04F79EFBC}") = "WIN32_Registry", "WIN32_Registry\WIN32_Registry.csproj", "{FCFDCAE6-674B-4CA9-8E28-5F52B10FC1EE}"
EndProject
Project("{FAE04EC0-301F-11D3-BF4B-00C04F79EFBC}") = "MaterialDesignColors.Wpf", "WPF Library\MaterialDesignInXamlToolkit-master\MaterialDesignInXamlToolkit-master\MaterialDesignColors.Wpf\MaterialDesignColors.Wpf.csproj", "{90B53209-C60C-4655-B28D-A1B3E1044BA3}"
EndProject
Project("{FAE04EC0-301F-11D3-BF4B-00C04F79EFBC}") = "MaterialDesignThemes.Wpf", "WPF Library\MaterialDesignInXamlToolkit-master\MaterialDesignInXamlToolkit-master\MaterialDesignThemes.Wpf\MaterialDesignThemes.Wpf.csproj", "{F079FB0A-A8ED-4216-B6A5-345756751A04}"
EndProject
Project("{54435603-DBB4-11D2-8724-00A0C9A8B90C}") = "LicenseController", "LicenseController\LicenseController.vdproj", "{22F87DD3-2E28-458F-86A2-CE2D654EC6E5}"
EndProject
Global
	GlobalSection(SolutionConfigurationPlatforms) = preSolution
		AppVeyor|Any CPU = AppVeyor|Any CPU
		Debug|Any CPU = Debug|Any CPU
		Debug35|Any CPU = Debug35|Any CPU
		R46|Any CPU = R46|Any CPU
		Release|Any CPU = Release|Any CPU
		Release35|Any CPU = Release35|Any CPU
		Release40|Any CPU = Release40|Any CPU
		Release45|Any CPU = Release45|Any CPU
		Release451|Any CPU = Release451|Any CPU
		Release452|Any CPU = Release452|Any CPU
	EndGlobalSection
	GlobalSection(ProjectConfigurationPlatforms) = postSolution
		{CF0A27A8-EF82-44E5-B673-ECCC150C48ED}.AppVeyor|Any CPU.ActiveCfg = AppVeyor|Any CPU
		{CF0A27A8-EF82-44E5-B673-ECCC150C48ED}.AppVeyor|Any CPU.Build.0 = AppVeyor|Any CPU
		{CF0A27A8-EF82-44E5-B673-ECCC150C48ED}.Debug|Any CPU.ActiveCfg = Debug|Any CPU
		{CF0A27A8-EF82-44E5-B673-ECCC150C48ED}.Debug|Any CPU.Build.0 = Debug|Any CPU
		{CF0A27A8-EF82-44E5-B673-ECCC150C48ED}.Debug35|Any CPU.ActiveCfg = Debug|Any CPU
		{CF0A27A8-EF82-44E5-B673-ECCC150C48ED}.Debug35|Any CPU.Build.0 = Debug|Any CPU
		{CF0A27A8-EF82-44E5-B673-ECCC150C48ED}.R46|Any CPU.ActiveCfg = Release|Any CPU
		{CF0A27A8-EF82-44E5-B673-ECCC150C48ED}.R46|Any CPU.Build.0 = Release|Any CPU
		{CF0A27A8-EF82-44E5-B673-ECCC150C48ED}.Release|Any CPU.ActiveCfg = Release|Any CPU
		{CF0A27A8-EF82-44E5-B673-ECCC150C48ED}.Release|Any CPU.Build.0 = Release|Any CPU
		{CF0A27A8-EF82-44E5-B673-ECCC150C48ED}.Release35|Any CPU.ActiveCfg = Release|Any CPU
		{CF0A27A8-EF82-44E5-B673-ECCC150C48ED}.Release35|Any CPU.Build.0 = Release|Any CPU
		{CF0A27A8-EF82-44E5-B673-ECCC150C48ED}.Release40|Any CPU.ActiveCfg = Release|Any CPU
		{CF0A27A8-EF82-44E5-B673-ECCC150C48ED}.Release40|Any CPU.Build.0 = Release|Any CPU
		{CF0A27A8-EF82-44E5-B673-ECCC150C48ED}.Release45|Any CPU.ActiveCfg = Release|Any CPU
		{CF0A27A8-EF82-44E5-B673-ECCC150C48ED}.Release45|Any CPU.Build.0 = Release|Any CPU
		{CF0A27A8-EF82-44E5-B673-ECCC150C48ED}.Release451|Any CPU.ActiveCfg = Release|Any CPU
		{CF0A27A8-EF82-44E5-B673-ECCC150C48ED}.Release451|Any CPU.Build.0 = Release|Any CPU
		{CF0A27A8-EF82-44E5-B673-ECCC150C48ED}.Release452|Any CPU.ActiveCfg = Release|Any CPU
		{CF0A27A8-EF82-44E5-B673-ECCC150C48ED}.Release452|Any CPU.Build.0 = Release|Any CPU
		{FCFDCAE6-674B-4CA9-8E28-5F52B10FC1EE}.AppVeyor|Any CPU.ActiveCfg = Release|Any CPU
		{FCFDCAE6-674B-4CA9-8E28-5F52B10FC1EE}.AppVeyor|Any CPU.Build.0 = Release|Any CPU
		{FCFDCAE6-674B-4CA9-8E28-5F52B10FC1EE}.Debug|Any CPU.ActiveCfg = Debug|Any CPU
		{FCFDCAE6-674B-4CA9-8E28-5F52B10FC1EE}.Debug|Any CPU.Build.0 = Debug|Any CPU
		{FCFDCAE6-674B-4CA9-8E28-5F52B10FC1EE}.Debug35|Any CPU.ActiveCfg = Debug|Any CPU
		{FCFDCAE6-674B-4CA9-8E28-5F52B10FC1EE}.Debug35|Any CPU.Build.0 = Debug|Any CPU
		{FCFDCAE6-674B-4CA9-8E28-5F52B10FC1EE}.R46|Any CPU.ActiveCfg = Release|Any CPU
		{FCFDCAE6-674B-4CA9-8E28-5F52B10FC1EE}.R46|Any CPU.Build.0 = Release|Any CPU
		{FCFDCAE6-674B-4CA9-8E28-5F52B10FC1EE}.Release|Any CPU.ActiveCfg = Release|Any CPU
		{FCFDCAE6-674B-4CA9-8E28-5F52B10FC1EE}.Release|Any CPU.Build.0 = Release|Any CPU
		{FCFDCAE6-674B-4CA9-8E28-5F52B10FC1EE}.Release35|Any CPU.ActiveCfg = Release|Any CPU
		{FCFDCAE6-674B-4CA9-8E28-5F52B10FC1EE}.Release35|Any CPU.Build.0 = Release|Any CPU
		{FCFDCAE6-674B-4CA9-8E28-5F52B10FC1EE}.Release40|Any CPU.ActiveCfg = Release|Any CPU
		{FCFDCAE6-674B-4CA9-8E28-5F52B10FC1EE}.Release40|Any CPU.Build.0 = Release|Any CPU
		{FCFDCAE6-674B-4CA9-8E28-5F52B10FC1EE}.Release45|Any CPU.ActiveCfg = Release|Any CPU
		{FCFDCAE6-674B-4CA9-8E28-5F52B10FC1EE}.Release45|Any CPU.Build.0 = Release|Any CPU
		{FCFDCAE6-674B-4CA9-8E28-5F52B10FC1EE}.Release451|Any CPU.ActiveCfg = Release|Any CPU
		{FCFDCAE6-674B-4CA9-8E28-5F52B10FC1EE}.Release451|Any CPU.Build.0 = Release|Any CPU
		{FCFDCAE6-674B-4CA9-8E28-5F52B10FC1EE}.Release452|Any CPU.ActiveCfg = Release|Any CPU
		{FCFDCAE6-674B-4CA9-8E28-5F52B10FC1EE}.Release452|Any CPU.Build.0 = Release|Any CPU
		{90B53209-C60C-4655-B28D-A1B3E1044BA3}.AppVeyor|Any CPU.ActiveCfg = AppVeyor|Any CPU
		{90B53209-C60C-4655-B28D-A1B3E1044BA3}.AppVeyor|Any CPU.Build.0 = AppVeyor|Any CPU
		{90B53209-C60C-4655-B28D-A1B3E1044BA3}.Debug|Any CPU.ActiveCfg = Debug|Any CPU
		{90B53209-C60C-4655-B28D-A1B3E1044BA3}.Debug|Any CPU.Build.0 = Debug|Any CPU
		{90B53209-C60C-4655-B28D-A1B3E1044BA3}.Debug35|Any CPU.ActiveCfg = Debug|Any CPU
		{90B53209-C60C-4655-B28D-A1B3E1044BA3}.Debug35|Any CPU.Build.0 = Debug|Any CPU
		{90B53209-C60C-4655-B28D-A1B3E1044BA3}.R46|Any CPU.ActiveCfg = Release|Any CPU
		{90B53209-C60C-4655-B28D-A1B3E1044BA3}.R46|Any CPU.Build.0 = Release|Any CPU
		{90B53209-C60C-4655-B28D-A1B3E1044BA3}.Release|Any CPU.ActiveCfg = Release|Any CPU
		{90B53209-C60C-4655-B28D-A1B3E1044BA3}.Release|Any CPU.Build.0 = Release|Any CPU
		{90B53209-C60C-4655-B28D-A1B3E1044BA3}.Release35|Any CPU.ActiveCfg = Release|Any CPU
		{90B53209-C60C-4655-B28D-A1B3E1044BA3}.Release35|Any CPU.Build.0 = Release|Any CPU
		{90B53209-C60C-4655-B28D-A1B3E1044BA3}.Release40|Any CPU.ActiveCfg = Release|Any CPU
		{90B53209-C60C-4655-B28D-A1B3E1044BA3}.Release40|Any CPU.Build.0 = Release|Any CPU
		{90B53209-C60C-4655-B28D-A1B3E1044BA3}.Release45|Any CPU.ActiveCfg = Release|Any CPU
		{90B53209-C60C-4655-B28D-A1B3E1044BA3}.Release45|Any CPU.Build.0 = Release|Any CPU
		{90B53209-C60C-4655-B28D-A1B3E1044BA3}.Release451|Any CPU.ActiveCfg = Release|Any CPU
		{90B53209-C60C-4655-B28D-A1B3E1044BA3}.Release451|Any CPU.Build.0 = Release|Any CPU
		{90B53209-C60C-4655-B28D-A1B3E1044BA3}.Release452|Any CPU.ActiveCfg = Release|Any CPU
		{90B53209-C60C-4655-B28D-A1B3E1044BA3}.Release452|Any CPU.Build.0 = Release|Any CPU
		{F079FB0A-A8ED-4216-B6A5-345756751A04}.AppVeyor|Any CPU.ActiveCfg = AppVeyor|Any CPU
		{F079FB0A-A8ED-4216-B6A5-345756751A04}.AppVeyor|Any CPU.Build.0 = AppVeyor|Any CPU
		{F079FB0A-A8ED-4216-B6A5-345756751A04}.Debug|Any CPU.ActiveCfg = Debug|Any CPU
		{F079FB0A-A8ED-4216-B6A5-345756751A04}.Debug|Any CPU.Build.0 = Debug|Any CPU
		{F079FB0A-A8ED-4216-B6A5-345756751A04}.Debug35|Any CPU.ActiveCfg = Debug|Any CPU
		{F079FB0A-A8ED-4216-B6A5-345756751A04}.Debug35|Any CPU.Build.0 = Debug|Any CPU
		{F079FB0A-A8ED-4216-B6A5-345756751A04}.R46|Any CPU.ActiveCfg = Release|Any CPU
		{F079FB0A-A8ED-4216-B6A5-345756751A04}.R46|Any CPU.Build.0 = Release|Any CPU
		{F079FB0A-A8ED-4216-B6A5-345756751A04}.Release|Any CPU.ActiveCfg = Release|Any CPU
		{F079FB0A-A8ED-4216-B6A5-345756751A04}.Release|Any CPU.Build.0 = Release|Any CPU
		{F079FB0A-A8ED-4216-B6A5-345756751A04}.Release35|Any CPU.ActiveCfg = Release|Any CPU
		{F079FB0A-A8ED-4216-B6A5-345756751A04}.Release35|Any CPU.Build.0 = Release|Any CPU
		{F079FB0A-A8ED-4216-B6A5-345756751A04}.Release40|Any CPU.ActiveCfg = Release|Any CPU
		{F079FB0A-A8ED-4216-B6A5-345756751A04}.Release40|Any CPU.Build.0 = Release|Any CPU
		{F079FB0A-A8ED-4216-B6A5-345756751A04}.Release45|Any CPU.ActiveCfg = Release|Any CPU
		{F079FB0A-A8ED-4216-B6A5-345756751A04}.Release45|Any CPU.Build.0 = Release|Any CPU
		{F079FB0A-A8ED-4216-B6A5-345756751A04}.Release451|Any CPU.ActiveCfg = Release|Any CPU
		{F079FB0A-A8ED-4216-B6A5-345756751A04}.Release451|Any CPU.Build.0 = Release|Any CPU
		{F079FB0A-A8ED-4216-B6A5-345756751A04}.Release452|Any CPU.ActiveCfg = Release|Any CPU
		{F079FB0A-A8ED-4216-B6A5-345756751A04}.Release452|Any CPU.Build.0 = Release|Any CPU
		{22F87DD3-2E28-458F-86A2-CE2D654EC6E5}.AppVeyor|Any CPU.ActiveCfg = Release
		{22F87DD3-2E28-458F-86A2-CE2D654EC6E5}.Debug|Any CPU.ActiveCfg = Debug
		{22F87DD3-2E28-458F-86A2-CE2D654EC6E5}.Debug35|Any CPU.ActiveCfg = Debug
		{22F87DD3-2E28-458F-86A2-CE2D654EC6E5}.R46|Any CPU.ActiveCfg = Release
		{22F87DD3-2E28-458F-86A2-CE2D654EC6E5}.Release|Any CPU.ActiveCfg = Release
		{22F87DD3-2E28-458F-86A2-CE2D654EC6E5}.Release35|Any CPU.ActiveCfg = Release
		{22F87DD3-2E28-458F-86A2-CE2D654EC6E5}.Release40|Any CPU.ActiveCfg = Release
		{22F87DD3-2E28-458F-86A2-CE2D654EC6E5}.Release45|Any CPU.ActiveCfg = Release
		{22F87DD3-2E28-458F-86A2-CE2D654EC6E5}.Release451|Any CPU.ActiveCfg = Release
		{22F87DD3-2E28-458F-86A2-CE2D654EC6E5}.Release452|Any CPU.ActiveCfg = Release
	EndGlobalSection
	GlobalSection(SolutionProperties) = preSolution
		HideSolutionNode = FALSE
	EndGlobalSection
EndGlobal
